
Microsoft Visual Studio Solution File, Format Version 12.00
# Visual Studio Version 17
VisualStudioVersion = 17.10.34916.146
MinimumVisualStudioVersion = 10.0.40219.1
Project("{FAE04EC0-301F-11D3-BF4B-00C04F79EFBC}") = "CegautokAPI", "CegautokAPI.csproj", "{73493011-36FD-4247-9D87-742C6DC1FFE8}"
EndProject
Global
	GlobalSection(SolutionConfigurationPlatforms) = preSolution
		Debug|Any CPU = Debug|Any CPU
		Release|Any CPU = Release|Any CPU
	EndGlobalSection
	GlobalSection(ProjectConfigurationPlatforms) = postSolution
		{73493011-36FD-4247-9D87-742C6DC1FFE8}.Debug|Any CPU.ActiveCfg = Debug|Any CPU
		{73493011-36FD-4247-9D87-742C6DC1FFE8}.Debug|Any CPU.Build.0 = Debug|Any CPU
		{73493011-36FD-4247-9D87-742C6DC1FFE8}.Release|Any CPU.ActiveCfg = Release|Any CPU
		{73493011-36FD-4247-9D87-742C6DC1FFE8}.Release|Any CPU.Build.0 = Release|Any CPU
	EndGlobalSection
	GlobalSection(SolutionProperties) = preSolution
		HideSolutionNode = FALSE
	EndGlobalSection
	GlobalSection(ExtensibilityGlobals) = postSolution
		SolutionGuid = {1E4C00C2-6793-4FA3-963A-9322ACE4183F}
	EndGlobalSection
EndGlobal
